
Microsoft Visual Studio Solution File, Format Version 12.00
# Visual Studio Version 16
VisualStudioVersion = 16.0.810.14
MinimumVisualStudioVersion = 10.0.40219.1
Project("{FAE04EC0-301F-11D3-BF4B-00C04F79EFBC}") = "JokesWebApp", "JokesWebApp\JokesWebApp.csproj", "{DEEDA93A-996B-46C3-9F4A-4671AF8D9319}"
EndProject
Global
	GlobalSection(SolutionConfigurationPlatforms) = preSolution
		Debug|Any CPU = Debug|Any CPU
		Release|Any CPU = Release|Any CPU
	EndGlobalSection
	GlobalSection(ProjectConfigurationPlatforms) = postSolution
		{DEEDA93A-996B-46C3-9F4A-4671AF8D9319}.Debug|Any CPU.ActiveCfg = Debug|Any CPU
		{DEEDA93A-996B-46C3-9F4A-4671AF8D9319}.Debug|Any CPU.Build.0 = Debug|Any CPU
		{DEEDA93A-996B-46C3-9F4A-4671AF8D9319}.Release|Any CPU.ActiveCfg = Release|Any CPU
		{DEEDA93A-996B-46C3-9F4A-4671AF8D9319}.Release|Any CPU.Build.0 = Release|Any CPU
	EndGlobalSection
	GlobalSection(SolutionProperties) = preSolution
		HideSolutionNode = FALSE
	EndGlobalSection
	GlobalSection(ExtensibilityGlobals) = postSolution
		SolutionGuid = {1A69793C-1873-4E03-9E4B-DF8B8C5ECAF5}
	EndGlobalSection
EndGlobal
